// !$*UTF8*$!
{
	archiveVersion = 1;
	classes = {
	};
	objectVersion = 56;
	objects = {

/* Begin PBXBuildFile section */
		E20AF7652C5B8355001579B2 /* MainVerte_V002App.swift in Sources */ = {isa = PBXBuildFile; fileRef = E20AF7642C5B8355001579B2 /* MainVerte_V002App.swift */; };
		E20AF7692C5B8356001579B2 /* Assets.xcassets in Resources */ = {isa = PBXBuildFile; fileRef = E20AF7682C5B8356001579B2 /* Assets.xcassets */; };
		E20AF76C2C5B8356001579B2 /* Preview Assets.xcassets in Resources */ = {isa = PBXBuildFile; fileRef = E20AF76B2C5B8356001579B2 /* Preview Assets.xcassets */; };
		E20AF7892C5B83DD001579B2 /* InteriorExteriorModel.swift in Sources */ = {isa = PBXBuildFile; fileRef = E20AF7782C5B83DD001579B2 /* InteriorExteriorModel.swift */; };
		E20AF78A2C5B83DD001579B2 /* ExposureModel.swift in Sources */ = {isa = PBXBuildFile; fileRef = E20AF7792C5B83DD001579B2 /* ExposureModel.swift */; };
		E20AF78B2C5B83DD001579B2 /* PlantModel.swift in Sources */ = {isa = PBXBuildFile; fileRef = E20AF77A2C5B83DD001579B2 /* PlantModel.swift */; };
		E20AF78C2C5B83DD001579B2 /* IdeaModel.swift in Sources */ = {isa = PBXBuildFile; fileRef = E20AF77B2C5B83DD001579B2 /* IdeaModel.swift */; };
		E20AF78D2C5B83DD001579B2 /* IdeaTipModel.swift in Sources */ = {isa = PBXBuildFile; fileRef = E20AF77C2C5B83DD001579B2 /* IdeaTipModel.swift */; };
		E20AF78E2C5B83DD001579B2 /* PlantationModel.swift in Sources */ = {isa = PBXBuildFile; fileRef = E20AF77D2C5B83DD001579B2 /* PlantationModel.swift */; };
		E20AF78F2C5B83DD001579B2 /* IdeaQuestionModel.swift in Sources */ = {isa = PBXBuildFile; fileRef = E20AF77E2C5B83DD001579B2 /* IdeaQuestionModel.swift */; };
		E20AF7902C5B83DD001579B2 /* MonthModel.swift in Sources */ = {isa = PBXBuildFile; fileRef = E20AF77F2C5B83DD001579B2 /* MonthModel.swift */; };
		E20AF7912C5B83DD001579B2 /* FertilizerModel.swift in Sources */ = {isa = PBXBuildFile; fileRef = E20AF7802C5B83DD001579B2 /* FertilizerModel.swift */; };
		E20AF7922C5B83DD001579B2 /* ColorButtonModel.swift in Sources */ = {isa = PBXBuildFile; fileRef = E20AF7812C5B83DD001579B2 /* ColorButtonModel.swift */; };
		E20AF7932C5B83DD001579B2 /* PlantContainerModel.swift in Sources */ = {isa = PBXBuildFile; fileRef = E20AF7822C5B83DD001579B2 /* PlantContainerModel.swift */; };
		E20AF7942C5B83DD001579B2 /* DiseaseModel.swift in Sources */ = {isa = PBXBuildFile; fileRef = E20AF7832C5B83DD001579B2 /* DiseaseModel.swift */; };
		E20AF7952C5B83DD001579B2 /* CommentModel.swift in Sources */ = {isa = PBXBuildFile; fileRef = E20AF7842C5B83DD001579B2 /* CommentModel.swift */; };
		E20AF7962C5B83DD001579B2 /* IdeaSpaceModel.swift in Sources */ = {isa = PBXBuildFile; fileRef = E20AF7852C5B83DD001579B2 /* IdeaSpaceModel.swift */; };
		E20AF7972C5B83DD001579B2 /* MySpaceModel.swift in Sources */ = {isa = PBXBuildFile; fileRef = E20AF7862C5B83DD001579B2 /* MySpaceModel.swift */; };
		E20AF7982C5B83DD001579B2 /* SoilModel.swift in Sources */ = {isa = PBXBuildFile; fileRef = E20AF7872C5B83DD001579B2 /* SoilModel.swift */; };
		E20AF7992C5B83DD001579B2 /* UserModel.swift in Sources */ = {isa = PBXBuildFile; fileRef = E20AF7882C5B83DD001579B2 /* UserModel.swift */; };
		E20AF7A52C5B8418001579B2 /* FertilizerViewModel.swift in Sources */ = {isa = PBXBuildFile; fileRef = E20AF79A2C5B8418001579B2 /* FertilizerViewModel.swift */; };
		E20AF7A62C5B8418001579B2 /* UserViewModel.swift in Sources */ = {isa = PBXBuildFile; fileRef = E20AF79B2C5B8418001579B2 /* UserViewModel.swift */; };
		E20AF7A72C5B8418001579B2 /* PlantationViewModel.swift in Sources */ = {isa = PBXBuildFile; fileRef = E20AF79C2C5B8418001579B2 /* PlantationViewModel.swift */; };
		E20AF7A82C5B8418001579B2 /* DiseaseViewModel.swift in Sources */ = {isa = PBXBuildFile; fileRef = E20AF79D2C5B8418001579B2 /* DiseaseViewModel.swift */; };
		E20AF7A92C5B8418001579B2 /* IdeaQuestionViewModel.swift in Sources */ = {isa = PBXBuildFile; fileRef = E20AF79E2C5B8418001579B2 /* IdeaQuestionViewModel.swift */; };
		E20AF7AA2C5B8418001579B2 /* MySpaceViewModel.swift in Sources */ = {isa = PBXBuildFile; fileRef = E20AF79F2C5B8418001579B2 /* MySpaceViewModel.swift */; };
		E20AF7AB2C5B8418001579B2 /* SoilViewModel.swift in Sources */ = {isa = PBXBuildFile; fileRef = E20AF7A02C5B8418001579B2 /* SoilViewModel.swift */; };
		E20AF7AC2C5B8418001579B2 /* PlantViewModel.swift in Sources */ = {isa = PBXBuildFile; fileRef = E20AF7A12C5B8418001579B2 /* PlantViewModel.swift */; };
		E20AF7AD2C5B8418001579B2 /* CommentViewModel.swift in Sources */ = {isa = PBXBuildFile; fileRef = E20AF7A22C5B8418001579B2 /* CommentViewModel.swift */; };
		E20AF7AE2C5B8418001579B2 /* IdeaSpaceViewModel.swift in Sources */ = {isa = PBXBuildFile; fileRef = E20AF7A32C5B8418001579B2 /* IdeaSpaceViewModel.swift */; };
		E20AF7AF2C5B8418001579B2 /* IdeaTipViewModel.swift in Sources */ = {isa = PBXBuildFile; fileRef = E20AF7A42C5B8418001579B2 /* IdeaTipViewModel.swift */; };
		E20AF7BF2C5B845F001579B2 /* BackgroundExView.swift in Sources */ = {isa = PBXBuildFile; fileRef = E20AF7B02C5B845F001579B2 /* BackgroundExView.swift */; };
		E20AF7C02C5B845F001579B2 /* PlantationButtonExView.swift in Sources */ = {isa = PBXBuildFile; fileRef = E20AF7B12C5B845F001579B2 /* PlantationButtonExView.swift */; };
		E20AF7C12C5B845F001579B2 /* ActionButtonExView.swift in Sources */ = {isa = PBXBuildFile; fileRef = E20AF7B22C5B845F001579B2 /* ActionButtonExView.swift */; };
		E20AF7C22C5B845F001579B2 /* ComposedImagesExView.swift in Sources */ = {isa = PBXBuildFile; fileRef = E20AF7B32C5B845F001579B2 /* ComposedImagesExView.swift */; };
		E20AF7C32C5B845F001579B2 /* MySpaceButtonExView.swift in Sources */ = {isa = PBXBuildFile; fileRef = E20AF7B42C5B845F001579B2 /* MySpaceButtonExView.swift */; };
		E20AF7C42C5B845F001579B2 /* ColorButtonExView.swift in Sources */ = {isa = PBXBuildFile; fileRef = E20AF7B52C5B845F001579B2 /* ColorButtonExView.swift */; };
		E20AF7C52C5B845F001579B2 /* AddPlantExView.swift in Sources */ = {isa = PBXBuildFile; fileRef = E20AF7B62C5B845F001579B2 /* AddPlantExView.swift */; };
		E20AF7C62C5B845F001579B2 /* TitleExView.swift in Sources */ = {isa = PBXBuildFile; fileRef = E20AF7B72C5B845F001579B2 /* TitleExView.swift */; };
		E20AF7C72C5B845F001579B2 /* FilterAndSortButtonExView.swift in Sources */ = {isa = PBXBuildFile; fileRef = E20AF7B82C5B845F001579B2 /* FilterAndSortButtonExView.swift */; };
		E20AF7C82C5B845F001579B2 /* ResearchBarExView.swift in Sources */ = {isa = PBXBuildFile; fileRef = E20AF7B92C5B845F001579B2 /* ResearchBarExView.swift */; };
		E20AF7C92C5B845F001579B2 /* ButtonAddExView.swift in Sources */ = {isa = PBXBuildFile; fileRef = E20AF7BA2C5B845F001579B2 /* ButtonAddExView.swift */; };
		E20AF7CA2C5B845F001579B2 /* ResearchAndFilterExView.swift in Sources */ = {isa = PBXBuildFile; fileRef = E20AF7BB2C5B845F001579B2 /* ResearchAndFilterExView.swift */; };
		E20AF7CB2C5B845F001579B2 /* SegmentedButtonsExView.swift in Sources */ = {isa = PBXBuildFile; fileRef = E20AF7BC2C5B845F001579B2 /* SegmentedButtonsExView.swift */; };
		E20AF7CC2C5B845F001579B2 /* LineSeparatorExView.swift in Sources */ = {isa = PBXBuildFile; fileRef = E20AF7BD2C5B845F001579B2 /* LineSeparatorExView.swift */; };
		E20AF7CD2C5B845F001579B2 /* FavoriteButtonExView.swift in Sources */ = {isa = PBXBuildFile; fileRef = E20AF7BE2C5B845F001579B2 /* FavoriteButtonExView.swift */; };
		E20AF7CF2C5B846A001579B2 /* FiltersAndSortViewModal.swift in Sources */ = {isa = PBXBuildFile; fileRef = E20AF7CE2C5B846A001579B2 /* FiltersAndSortViewModal.swift */; };
		E20AF7D12C5B847C001579B2 /* TestUIKitViewController.swift in Sources */ = {isa = PBXBuildFile; fileRef = E20AF7D02C5B847C001579B2 /* TestUIKitViewController.swift */; };
		E20AF7D62C5B8491001579B2 /* ContentView.swift in Sources */ = {isa = PBXBuildFile; fileRef = E20AF7D22C5B8491001579B2 /* ContentView.swift */; };
		E20AF7D72C5B8491001579B2 /* FavoritesSpacesView.swift in Sources */ = {isa = PBXBuildFile; fileRef = E20AF7D32C5B8491001579B2 /* FavoritesSpacesView.swift */; };
		E20AF7D82C5B8491001579B2 /* MySpaceAddPlantView.swift in Sources */ = {isa = PBXBuildFile; fileRef = E20AF7D42C5B8491001579B2 /* MySpaceAddPlantView.swift */; };
		E20AF7D92C5B8491001579B2 /* IdeasView.swift in Sources */ = {isa = PBXBuildFile; fileRef = E20AF7D52C5B8491001579B2 /* IdeasView.swift */; };
		E20AF7DC2C5B8497001579B2 /* MySpacePlantsView.swift in Sources */ = {isa = PBXBuildFile; fileRef = E20AF7DA2C5B8497001579B2 /* MySpacePlantsView.swift */; };
		E20AF7DD2C5B8497001579B2 /* FavoritesQuestionsView.swift in Sources */ = {isa = PBXBuildFile; fileRef = E20AF7DB2C5B8497001579B2 /* FavoritesQuestionsView.swift */; };
		E20AF7EE2C5B84A0001579B2 /* ListPlantsView.swift in Sources */ = {isa = PBXBuildFile; fileRef = E20AF7DE2C5B84A0001579B2 /* ListPlantsView.swift */; };
		E20AF7EF2C5B84A0001579B2 /* ListPlantAddPlantView.swift in Sources */ = {isa = PBXBuildFile; fileRef = E20AF7DF2C5B84A0001579B2 /* ListPlantAddPlantView.swift */; };
		E20AF7F02C5B84A0001579B2 /* IdeaSpacesView.swift in Sources */ = {isa = PBXBuildFile; fileRef = E20AF7E02C5B84A0001579B2 /* IdeaSpacesView.swift */; };
		E20AF7F12C5B84A0001579B2 /* CreateIdeaSpaceView.swift in Sources */ = {isa = PBXBuildFile; fileRef = E20AF7E12C5B84A0001579B2 /* CreateIdeaSpaceView.swift */; };
		E20AF7F22C5B84A0001579B2 /* MySpacesView.swift in Sources */ = {isa = PBXBuildFile; fileRef = E20AF7E22C5B84A0001579B2 /* MySpacesView.swift */; };
		E20AF7F32C5B84A0001579B2 /* IdeaTipDetailsView.swift in Sources */ = {isa = PBXBuildFile; fileRef = E20AF7E32C5B84A0001579B2 /* IdeaTipDetailsView.swift */; };
		E20AF7F42C5B84A0001579B2 /* CreateSpaceView.swift in Sources */ = {isa = PBXBuildFile; fileRef = E20AF7E42C5B84A0001579B2 /* CreateSpaceView.swift */; };
		E20AF7F52C5B84A0001579B2 /* MySpacePlantDetailsView.swift in Sources */ = {isa = PBXBuildFile; fileRef = E20AF7E52C5B84A0001579B2 /* MySpacePlantDetailsView.swift */; };
		E20AF7F62C5B84A0001579B2 /* IdeaQuestionsView.swift in Sources */ = {isa = PBXBuildFile; fileRef = E20AF7E62C5B84A0001579B2 /* IdeaQuestionsView.swift */; };
		E20AF7F72C5B84A0001579B2 /* CreateIdeaTipsView.swift in Sources */ = {isa = PBXBuildFile; fileRef = E20AF7E72C5B84A0001579B2 /* CreateIdeaTipsView.swift */; };
		E20AF7F82C5B84A0001579B2 /* CreateIdeaQuestionView.swift in Sources */ = {isa = PBXBuildFile; fileRef = E20AF7E82C5B84A0001579B2 /* CreateIdeaQuestionView.swift */; };
		E20AF7F92C5B84A0001579B2 /* IdeaQuestionDetailsView.swift in Sources */ = {isa = PBXBuildFile; fileRef = E20AF7E92C5B84A0001579B2 /* IdeaQuestionDetailsView.swift */; };
		E20AF7FA2C5B84A0001579B2 /* FavoritesPlantsView.swift in Sources */ = {isa = PBXBuildFile; fileRef = E20AF7EA2C5B84A0001579B2 /* FavoritesPlantsView.swift */; };
		E20AF7FB2C5B84A0001579B2 /* IdeaSpaceDetailsView.swift in Sources */ = {isa = PBXBuildFile; fileRef = E20AF7EB2C5B84A0001579B2 /* IdeaSpaceDetailsView.swift */; };
		E20AF7FC2C5B84A0001579B2 /* ListPlantDetailsView.swift in Sources */ = {isa = PBXBuildFile; fileRef = E20AF7EC2C5B84A0001579B2 /* ListPlantDetailsView.swift */; };
		E20AF7FD2C5B84A0001579B2 /* FavoritesTipsView.swift in Sources */ = {isa = PBXBuildFile; fileRef = E20AF7ED2C5B84A0001579B2 /* FavoritesTipsView.swift */; };
		E20AF8022C5B84A7001579B2 /* IdeaTipsView.swift in Sources */ = {isa = PBXBuildFile; fileRef = E20AF7FE2C5B84A7001579B2 /* IdeaTipsView.swift */; };
		E20AF8032C5B84A7001579B2 /* FavoritesView.swift in Sources */ = {isa = PBXBuildFile; fileRef = E20AF7FF2C5B84A7001579B2 /* FavoritesView.swift */; };
		E20AF8042C5B84A7001579B2 /* ProfilView.swift in Sources */ = {isa = PBXBuildFile; fileRef = E20AF8002C5B84A7001579B2 /* ProfilView.swift */; };
		E20AF8052C5B84A7001579B2 /* IdeasMyPublicatonsView.swift in Sources */ = {isa = PBXBuildFile; fileRef = E20AF8012C5B84A7001579B2 /* IdeasMyPublicatonsView.swift */; };
/* End PBXBuildFile section */

/* Begin PBXFileReference section */
		E20AF7612C5B8355001579B2 /* MainVerte_V002.app */ = {isa = PBXFileReference; explicitFileType = wrapper.application; includeInIndex = 0; path = MainVerte_V002.app; sourceTree = BUILT_PRODUCTS_DIR; };
		E20AF7642C5B8355001579B2 /* MainVerte_V002App.swift */ = {isa = PBXFileReference; lastKnownFileType = sourcecode.swift; path = MainVerte_V002App.swift; sourceTree = "<group>"; };
		E20AF7682C5B8356001579B2 /* Assets.xcassets */ = {isa = PBXFileReference; lastKnownFileType = folder.assetcatalog; path = Assets.xcassets; sourceTree = "<group>"; };
		E20AF76B2C5B8356001579B2 /* Preview Assets.xcassets */ = {isa = PBXFileReference; lastKnownFileType = folder.assetcatalog; path = "Preview Assets.xcassets"; sourceTree = "<group>"; };
		E20AF7782C5B83DD001579B2 /* InteriorExteriorModel.swift */ = {isa = PBXFileReference; fileEncoding = 4; lastKnownFileType = sourcecode.swift; path = InteriorExteriorModel.swift; sourceTree = "<group>"; };
		E20AF7792C5B83DD001579B2 /* ExposureModel.swift */ = {isa = PBXFileReference; fileEncoding = 4; lastKnownFileType = sourcecode.swift; path = ExposureModel.swift; sourceTree = "<group>"; };
		E20AF77A2C5B83DD001579B2 /* PlantModel.swift */ = {isa = PBXFileReference; fileEncoding = 4; lastKnownFileType = sourcecode.swift; path = PlantModel.swift; sourceTree = "<group>"; };
		E20AF77B2C5B83DD001579B2 /* IdeaModel.swift */ = {isa = PBXFileReference; fileEncoding = 4; lastKnownFileType = sourcecode.swift; path = IdeaModel.swift; sourceTree = "<group>"; };
		E20AF77C2C5B83DD001579B2 /* IdeaTipModel.swift */ = {isa = PBXFileReference; fileEncoding = 4; lastKnownFileType = sourcecode.swift; path = IdeaTipModel.swift; sourceTree = "<group>"; };
		E20AF77D2C5B83DD001579B2 /* PlantationModel.swift */ = {isa = PBXFileReference; fileEncoding = 4; lastKnownFileType = sourcecode.swift; path = PlantationModel.swift; sourceTree = "<group>"; };
		E20AF77E2C5B83DD001579B2 /* IdeaQuestionModel.swift */ = {isa = PBXFileReference; fileEncoding = 4; lastKnownFileType = sourcecode.swift; path = IdeaQuestionModel.swift; sourceTree = "<group>"; };
		E20AF77F2C5B83DD001579B2 /* MonthModel.swift */ = {isa = PBXFileReference; fileEncoding = 4; lastKnownFileType = sourcecode.swift; path = MonthModel.swift; sourceTree = "<group>"; };
		E20AF7802C5B83DD001579B2 /* FertilizerModel.swift */ = {isa = PBXFileReference; fileEncoding = 4; lastKnownFileType = sourcecode.swift; path = FertilizerModel.swift; sourceTree = "<group>"; };
		E20AF7812C5B83DD001579B2 /* ColorButtonModel.swift */ = {isa = PBXFileReference; fileEncoding = 4; lastKnownFileType = sourcecode.swift; path = ColorButtonModel.swift; sourceTree = "<group>"; };
		E20AF7822C5B83DD001579B2 /* PlantContainerModel.swift */ = {isa = PBXFileReference; fileEncoding = 4; lastKnownFileType = sourcecode.swift; path = PlantContainerModel.swift; sourceTree = "<group>"; };
		E20AF7832C5B83DD001579B2 /* DiseaseModel.swift */ = {isa = PBXFileReference; fileEncoding = 4; lastKnownFileType = sourcecode.swift; path = DiseaseModel.swift; sourceTree = "<group>"; };
		E20AF7842C5B83DD001579B2 /* CommentModel.swift */ = {isa = PBXFileReference; fileEncoding = 4; lastKnownFileType = sourcecode.swift; path = CommentModel.swift; sourceTree = "<group>"; };
		E20AF7852C5B83DD001579B2 /* IdeaSpaceModel.swift */ = {isa = PBXFileReference; fileEncoding = 4; lastKnownFileType = sourcecode.swift; path = IdeaSpaceModel.swift; sourceTree = "<group>"; };
		E20AF7862C5B83DD001579B2 /* MySpaceModel.swift */ = {isa = PBXFileReference; fileEncoding = 4; lastKnownFileType = sourcecode.swift; path = MySpaceModel.swift; sourceTree = "<group>"; };
		E20AF7872C5B83DD001579B2 /* SoilModel.swift */ = {isa = PBXFileReference; fileEncoding = 4; lastKnownFileType = sourcecode.swift; path = SoilModel.swift; sourceTree = "<group>"; };
		E20AF7882C5B83DD001579B2 /* UserModel.swift */ = {isa = PBXFileReference; fileEncoding = 4; lastKnownFileType = sourcecode.swift; path = UserModel.swift; sourceTree = "<group>"; };
		E20AF79A2C5B8418001579B2 /* FertilizerViewModel.swift */ = {isa = PBXFileReference; fileEncoding = 4; lastKnownFileType = sourcecode.swift; path = FertilizerViewModel.swift; sourceTree = "<group>"; };
		E20AF79B2C5B8418001579B2 /* UserViewModel.swift */ = {isa = PBXFileReference; fileEncoding = 4; lastKnownFileType = sourcecode.swift; path = UserViewModel.swift; sourceTree = "<group>"; };
		E20AF79C2C5B8418001579B2 /* PlantationViewModel.swift */ = {isa = PBXFileReference; fileEncoding = 4; lastKnownFileType = sourcecode.swift; path = PlantationViewModel.swift; sourceTree = "<group>"; };
		E20AF79D2C5B8418001579B2 /* DiseaseViewModel.swift */ = {isa = PBXFileReference; fileEncoding = 4; lastKnownFileType = sourcecode.swift; path = DiseaseViewModel.swift; sourceTree = "<group>"; };
		E20AF79E2C5B8418001579B2 /* IdeaQuestionViewModel.swift */ = {isa = PBXFileReference; fileEncoding = 4; lastKnownFileType = sourcecode.swift; path = IdeaQuestionViewModel.swift; sourceTree = "<group>"; };
		E20AF79F2C5B8418001579B2 /* MySpaceViewModel.swift */ = {isa = PBXFileReference; fileEncoding = 4; lastKnownFileType = sourcecode.swift; path = MySpaceViewModel.swift; sourceTree = "<group>"; };
		E20AF7A02C5B8418001579B2 /* SoilViewModel.swift */ = {isa = PBXFileReference; fileEncoding = 4; lastKnownFileType = sourcecode.swift; path = SoilViewModel.swift; sourceTree = "<group>"; };
		E20AF7A12C5B8418001579B2 /* PlantViewModel.swift */ = {isa = PBXFileReference; fileEncoding = 4; lastKnownFileType = sourcecode.swift; path = PlantViewModel.swift; sourceTree = "<group>"; };
		E20AF7A22C5B8418001579B2 /* CommentViewModel.swift */ = {isa = PBXFileReference; fileEncoding = 4; lastKnownFileType = sourcecode.swift; path = CommentViewModel.swift; sourceTree = "<group>"; };
		E20AF7A32C5B8418001579B2 /* IdeaSpaceViewModel.swift */ = {isa = PBXFileReference; fileEncoding = 4; lastKnownFileType = sourcecode.swift; path = IdeaSpaceViewModel.swift; sourceTree = "<group>"; };
		E20AF7A42C5B8418001579B2 /* IdeaTipViewModel.swift */ = {isa = PBXFileReference; fileEncoding = 4; lastKnownFileType = sourcecode.swift; path = IdeaTipViewModel.swift; sourceTree = "<group>"; };
		E20AF7B02C5B845F001579B2 /* BackgroundExView.swift */ = {isa = PBXFileReference; fileEncoding = 4; lastKnownFileType = sourcecode.swift; name = BackgroundExView.swift; path = Views/ExView/BackgroundExView.swift; sourceTree = "<group>"; };
		E20AF7B12C5B845F001579B2 /* PlantationButtonExView.swift */ = {isa = PBXFileReference; fileEncoding = 4; lastKnownFileType = sourcecode.swift; name = PlantationButtonExView.swift; path = Views/ExView/PlantationButtonExView.swift; sourceTree = "<group>"; };
		E20AF7B22C5B845F001579B2 /* ActionButtonExView.swift */ = {isa = PBXFileReference; fileEncoding = 4; lastKnownFileType = sourcecode.swift; name = ActionButtonExView.swift; path = Views/ExView/ActionButtonExView.swift; sourceTree = "<group>"; };
		E20AF7B32C5B845F001579B2 /* ComposedImagesExView.swift */ = {isa = PBXFileReference; fileEncoding = 4; lastKnownFileType = sourcecode.swift; name = ComposedImagesExView.swift; path = Views/ExView/ComposedImagesExView.swift; sourceTree = "<group>"; };
		E20AF7B42C5B845F001579B2 /* MySpaceButtonExView.swift */ = {isa = PBXFileReference; fileEncoding = 4; lastKnownFileType = sourcecode.swift; name = MySpaceButtonExView.swift; path = Views/ExView/MySpaceButtonExView.swift; sourceTree = "<group>"; };
		E20AF7B52C5B845F001579B2 /* ColorButtonExView.swift */ = {isa = PBXFileReference; fileEncoding = 4; lastKnownFileType = sourcecode.swift; name = ColorButtonExView.swift; path = Views/ExView/ColorButtonExView.swift; sourceTree = "<group>"; };
		E20AF7B62C5B845F001579B2 /* AddPlantExView.swift */ = {isa = PBXFileReference; fileEncoding = 4; lastKnownFileType = sourcecode.swift; name = AddPlantExView.swift; path = Views/ExView/AddPlantExView.swift; sourceTree = "<group>"; };
		E20AF7B72C5B845F001579B2 /* TitleExView.swift */ = {isa = PBXFileReference; fileEncoding = 4; lastKnownFileType = sourcecode.swift; name = TitleExView.swift; path = Views/ExView/TitleExView.swift; sourceTree = "<group>"; };
		E20AF7B82C5B845F001579B2 /* FilterAndSortButtonExView.swift */ = {isa = PBXFileReference; fileEncoding = 4; lastKnownFileType = sourcecode.swift; name = FilterAndSortButtonExView.swift; path = Views/ExView/FilterAndSortButtonExView.swift; sourceTree = "<group>"; };
		E20AF7B92C5B845F001579B2 /* ResearchBarExView.swift */ = {isa = PBXFileReference; fileEncoding = 4; lastKnownFileType = sourcecode.swift; name = ResearchBarExView.swift; path = Views/ExView/ResearchBarExView.swift; sourceTree = "<group>"; };
		E20AF7BA2C5B845F001579B2 /* ButtonAddExView.swift */ = {isa = PBXFileReference; fileEncoding = 4; lastKnownFileType = sourcecode.swift; name = ButtonAddExView.swift; path = Views/ExView/ButtonAddExView.swift; sourceTree = "<group>"; };
		E20AF7BB2C5B845F001579B2 /* ResearchAndFilterExView.swift */ = {isa = PBXFileReference; fileEncoding = 4; lastKnownFileType = sourcecode.swift; name = ResearchAndFilterExView.swift; path = Views/ExView/ResearchAndFilterExView.swift; sourceTree = "<group>"; };
		E20AF7BC2C5B845F001579B2 /* SegmentedButtonsExView.swift */ = {isa = PBXFileReference; fileEncoding = 4; lastKnownFileType = sourcecode.swift; name = SegmentedButtonsExView.swift; path = Views/ExView/SegmentedButtonsExView.swift; sourceTree = "<group>"; };
		E20AF7BD2C5B845F001579B2 /* LineSeparatorExView.swift */ = {isa = PBXFileReference; fileEncoding = 4; lastKnownFileType = sourcecode.swift; name = LineSeparatorExView.swift; path = Views/ExView/LineSeparatorExView.swift; sourceTree = "<group>"; };
		E20AF7BE2C5B845F001579B2 /* FavoriteButtonExView.swift */ = {isa = PBXFileReference; fileEncoding = 4; lastKnownFileType = sourcecode.swift; name = FavoriteButtonExView.swift; path = Views/ExView/FavoriteButtonExView.swift; sourceTree = "<group>"; };
		E20AF7CE2C5B846A001579B2 /* FiltersAndSortViewModal.swift */ = {isa = PBXFileReference; fileEncoding = 4; lastKnownFileType = sourcecode.swift; name = FiltersAndSortViewModal.swift; path = Views/ModalView/FiltersAndSortViewModal.swift; sourceTree = "<group>"; };
		E20AF7D02C5B847C001579B2 /* TestUIKitViewController.swift */ = {isa = PBXFileReference; fileEncoding = 4; lastKnownFileType = sourcecode.swift; name = TestUIKitViewController.swift; path = Views/ViewController/TestUIKitViewController.swift; sourceTree = "<group>"; };
		E20AF7D22C5B8491001579B2 /* ContentView.swift */ = {isa = PBXFileReference; fileEncoding = 4; lastKnownFileType = sourcecode.swift; name = ContentView.swift; path = Views/ContentView.swift; sourceTree = "<group>"; };
		E20AF7D32C5B8491001579B2 /* FavoritesSpacesView.swift */ = {isa = PBXFileReference; fileEncoding = 4; lastKnownFileType = sourcecode.swift; name = FavoritesSpacesView.swift; path = Views/FavoritesSpacesView.swift; sourceTree = "<group>"; };
		E20AF7D42C5B8491001579B2 /* MySpaceAddPlantView.swift */ = {isa = PBXFileReference; fileEncoding = 4; lastKnownFileType = sourcecode.swift; name = MySpaceAddPlantView.swift; path = Views/MySpaceAddPlantView.swift; sourceTree = "<group>"; };
		E20AF7D52C5B8491001579B2 /* IdeasView.swift */ = {isa = PBXFileReference; fileEncoding = 4; lastKnownFileType = sourcecode.swift; name = IdeasView.swift; path = Views/IdeasView.swift; sourceTree = "<group>"; };
		E20AF7DA2C5B8497001579B2 /* MySpacePlantsView.swift */ = {isa = PBXFileReference; fileEncoding = 4; lastKnownFileType = sourcecode.swift; name = MySpacePlantsView.swift; path = Views/MySpacePlantsView.swift; sourceTree = "<group>"; };
		E20AF7DB2C5B8497001579B2 /* FavoritesQuestionsView.swift */ = {isa = PBXFileReference; fileEncoding = 4; lastKnownFileType = sourcecode.swift; name = FavoritesQuestionsView.swift; path = Views/FavoritesQuestionsView.swift; sourceTree = "<group>"; };
		E20AF7DE2C5B84A0001579B2 /* ListPlantsView.swift */ = {isa = PBXFileReference; fileEncoding = 4; lastKnownFileType = sourcecode.swift; name = ListPlantsView.swift; path = Views/ListPlantsView.swift; sourceTree = "<group>"; };
		E20AF7DF2C5B84A0001579B2 /* ListPlantAddPlantView.swift */ = {isa = PBXFileReference; fileEncoding = 4; lastKnownFileType = sourcecode.swift; name = ListPlantAddPlantView.swift; path = Views/ListPlantAddPlantView.swift; sourceTree = "<group>"; };
		E20AF7E02C5B84A0001579B2 /* IdeaSpacesView.swift */ = {isa = PBXFileReference; fileEncoding = 4; lastKnownFileType = sourcecode.swift; name = IdeaSpacesView.swift; path = Views/IdeaSpacesView.swift; sourceTree = "<group>"; };
		E20AF7E12C5B84A0001579B2 /* CreateIdeaSpaceView.swift */ = {isa = PBXFileReference; fileEncoding = 4; lastKnownFileType = sourcecode.swift; name = CreateIdeaSpaceView.swift; path = Views/CreateIdeaSpaceView.swift; sourceTree = "<group>"; };
		E20AF7E22C5B84A0001579B2 /* MySpacesView.swift */ = {isa = PBXFileReference; fileEncoding = 4; lastKnownFileType = sourcecode.swift; name = MySpacesView.swift; path = Views/MySpacesView.swift; sourceTree = "<group>"; };
		E20AF7E32C5B84A0001579B2 /* IdeaTipDetailsView.swift */ = {isa = PBXFileReference; fileEncoding = 4; lastKnownFileType = sourcecode.swift; name = IdeaTipDetailsView.swift; path = Views/IdeaTipDetailsView.swift; sourceTree = "<group>"; };
		E20AF7E42C5B84A0001579B2 /* CreateSpaceView.swift */ = {isa = PBXFileReference; fileEncoding = 4; lastKnownFileType = sourcecode.swift; name = CreateSpaceView.swift; path = Views/CreateSpaceView.swift; sourceTree = "<group>"; };
		E20AF7E52C5B84A0001579B2 /* MySpacePlantDetailsView.swift */ = {isa = PBXFileReference; fileEncoding = 4; lastKnownFileType = sourcecode.swift; name = MySpacePlantDetailsView.swift; path = Views/MySpacePlantDetailsView.swift; sourceTree = "<group>"; };
		E20AF7E62C5B84A0001579B2 /* IdeaQuestionsView.swift */ = {isa = PBXFileReference; fileEncoding = 4; lastKnownFileType = sourcecode.swift; name = IdeaQuestionsView.swift; path = Views/IdeaQuestionsView.swift; sourceTree = "<group>"; };
		E20AF7E72C5B84A0001579B2 /* CreateIdeaTipsView.swift */ = {isa = PBXFileReference; fileEncoding = 4; lastKnownFileType = sourcecode.swift; name = CreateIdeaTipsView.swift; path = Views/CreateIdeaTipsView.swift; sourceTree = "<group>"; };
		E20AF7E82C5B84A0001579B2 /* CreateIdeaQuestionView.swift */ = {isa = PBXFileReference; fileEncoding = 4; lastKnownFileType = sourcecode.swift; name = CreateIdeaQuestionView.swift; path = Views/CreateIdeaQuestionView.swift; sourceTree = "<group>"; };
		E20AF7E92C5B84A0001579B2 /* IdeaQuestionDetailsView.swift */ = {isa = PBXFileReference; fileEncoding = 4; lastKnownFileType = sourcecode.swift; name = IdeaQuestionDetailsView.swift; path = Views/IdeaQuestionDetailsView.swift; sourceTree = "<group>"; };
		E20AF7EA2C5B84A0001579B2 /* FavoritesPlantsView.swift */ = {isa = PBXFileReference; fileEncoding = 4; lastKnownFileType = sourcecode.swift; name = FavoritesPlantsView.swift; path = Views/FavoritesPlantsView.swift; sourceTree = "<group>"; };
		E20AF7EB2C5B84A0001579B2 /* IdeaSpaceDetailsView.swift */ = {isa = PBXFileReference; fileEncoding = 4; lastKnownFileType = sourcecode.swift; name = IdeaSpaceDetailsView.swift; path = Views/IdeaSpaceDetailsView.swift; sourceTree = "<group>"; };
		E20AF7EC2C5B84A0001579B2 /* ListPlantDetailsView.swift */ = {isa = PBXFileReference; fileEncoding = 4; lastKnownFileType = sourcecode.swift; name = ListPlantDetailsView.swift; path = Views/ListPlantDetailsView.swift; sourceTree = "<group>"; };
		E20AF7ED2C5B84A0001579B2 /* FavoritesTipsView.swift */ = {isa = PBXFileReference; fileEncoding = 4; lastKnownFileType = sourcecode.swift; name = FavoritesTipsView.swift; path = Views/FavoritesTipsView.swift; sourceTree = "<group>"; };
		E20AF7FE2C5B84A7001579B2 /* IdeaTipsView.swift */ = {isa = PBXFileReference; fileEncoding = 4; lastKnownFileType = sourcecode.swift; name = IdeaTipsView.swift; path = Views/IdeaTipsView.swift; sourceTree = "<group>"; };
		E20AF7FF2C5B84A7001579B2 /* FavoritesView.swift */ = {isa = PBXFileReference; fileEncoding = 4; lastKnownFileType = sourcecode.swift; name = FavoritesView.swift; path = Views/FavoritesView.swift; sourceTree = "<group>"; };
		E20AF8002C5B84A7001579B2 /* ProfilView.swift */ = {isa = PBXFileReference; fileEncoding = 4; lastKnownFileType = sourcecode.swift; name = ProfilView.swift; path = Views/ProfilView.swift; sourceTree = "<group>"; };
		E20AF8012C5B84A7001579B2 /* IdeasMyPublicatonsView.swift */ = {isa = PBXFileReference; fileEncoding = 4; lastKnownFileType = sourcecode.swift; name = IdeasMyPublicatonsView.swift; path = Views/IdeasMyPublicatonsView.swift; sourceTree = "<group>"; };
/* End PBXFileReference section */

/* Begin PBXFrameworksBuildPhase section */
		E20AF75E2C5B8355001579B2 /* Frameworks */ = {
			isa = PBXFrameworksBuildPhase;
			buildActionMask = 2147483647;
			files = (
			);
			runOnlyForDeploymentPostprocessing = 0;
		};
/* End PBXFrameworksBuildPhase section */

/* Begin PBXGroup section */
		E20AF7582C5B8355001579B2 = {
			isa = PBXGroup;
			children = (
				E20AF7632C5B8355001579B2 /* MainVerte_V002 */,
				E20AF7622C5B8355001579B2 /* Products */,
			);
			sourceTree = "<group>";
		};
		E20AF7622C5B8355001579B2 /* Products */ = {
			isa = PBXGroup;
			children = (
				E20AF7612C5B8355001579B2 /* MainVerte_V002.app */,
			);
			name = Products;
			sourceTree = "<group>";
		};
		E20AF7632C5B8355001579B2 /* MainVerte_V002 */ = {
			isa = PBXGroup;
			children = (
				E20AF7642C5B8355001579B2 /* MainVerte_V002App.swift */,
				E20AF7682C5B8356001579B2 /* Assets.xcassets */,
				E20AF7762C5B838F001579B2 /* Models */,
				E20AF76A2C5B8356001579B2 /* Preview Content */,
				E20AF7772C5B8399001579B2 /* ViewModels */,
				E20AF7722C5B836C001579B2 /* Views */,
			);
			path = MainVerte_V002;
			sourceTree = "<group>";
		};
		E20AF76A2C5B8356001579B2 /* Preview Content */ = {
			isa = PBXGroup;
			children = (
				E20AF76B2C5B8356001579B2 /* Preview Assets.xcassets */,
			);
			path = "Preview Content";
			sourceTree = "<group>";
		};
		E20AF7722C5B836C001579B2 /* Views */ = {
			isa = PBXGroup;
			children = (
				E20AF7D22C5B8491001579B2 /* ContentView.swift */,
				E20AF7E82C5B84A0001579B2 /* CreateIdeaQuestionView.swift */,
				E20AF7E12C5B84A0001579B2 /* CreateIdeaSpaceView.swift */,
				E20AF7E72C5B84A0001579B2 /* CreateIdeaTipsView.swift */,
				E20AF7E42C5B84A0001579B2 /* CreateSpaceView.swift */,
				E20AF7EA2C5B84A0001579B2 /* FavoritesPlantsView.swift */,
				E20AF7DB2C5B8497001579B2 /* FavoritesQuestionsView.swift */,
				E20AF7D32C5B8491001579B2 /* FavoritesSpacesView.swift */,
				E20AF7ED2C5B84A0001579B2 /* FavoritesTipsView.swift */,
				E20AF7FF2C5B84A7001579B2 /* FavoritesView.swift */,
				E20AF7E92C5B84A0001579B2 /* IdeaQuestionDetailsView.swift */,
				E20AF7E62C5B84A0001579B2 /* IdeaQuestionsView.swift */,
				E20AF8012C5B84A7001579B2 /* IdeasMyPublicatonsView.swift */,
				E20AF7EB2C5B84A0001579B2 /* IdeaSpaceDetailsView.swift */,
				E20AF7E02C5B84A0001579B2 /* IdeaSpacesView.swift */,
				E20AF7D52C5B8491001579B2 /* IdeasView.swift */,
				E20AF7E32C5B84A0001579B2 /* IdeaTipDetailsView.swift */,
				E20AF7FE2C5B84A7001579B2 /* IdeaTipsView.swift */,
				E20AF7DF2C5B84A0001579B2 /* ListPlantAddPlantView.swift */,
				E20AF7EC2C5B84A0001579B2 /* ListPlantDetailsView.swift */,
				E20AF7DE2C5B84A0001579B2 /* ListPlantsView.swift */,
				E20AF7D42C5B8491001579B2 /* MySpaceAddPlantView.swift */,
				E20AF7E52C5B84A0001579B2 /* MySpacePlantDetailsView.swift */,
				E20AF7DA2C5B8497001579B2 /* MySpacePlantsView.swift */,
				E20AF7E22C5B84A0001579B2 /* MySpacesView.swift */,
				E20AF8002C5B84A7001579B2 /* ProfilView.swift */,
				E20AF7732C5B8373001579B2 /* ExView */,
				E20AF7742C5B837D001579B2 /* ModalView */,
				E20AF7752C5B8383001579B2 /* ViewController */,
			);
			name = Views;
			sourceTree = "<group>";
		};
		E20AF7732C5B8373001579B2 /* ExView */ = {
			isa = PBXGroup;
			children = (
				E20AF7B22C5B845F001579B2 /* ActionButtonExView.swift */,
				E20AF7B62C5B845F001579B2 /* AddPlantExView.swift */,
				E20AF7B02C5B845F001579B2 /* BackgroundExView.swift */,
				E20AF7BA2C5B845F001579B2 /* ButtonAddExView.swift */,
				E20AF7B52C5B845F001579B2 /* ColorButtonExView.swift */,
				E20AF7B32C5B845F001579B2 /* ComposedImagesExView.swift */,
				E20AF7BE2C5B845F001579B2 /* FavoriteButtonExView.swift */,
				E20AF7B82C5B845F001579B2 /* FilterAndSortButtonExView.swift */,
				E20AF7BD2C5B845F001579B2 /* LineSeparatorExView.swift */,
				E20AF7B42C5B845F001579B2 /* MySpaceButtonExView.swift */,
				E20AF7B12C5B845F001579B2 /* PlantationButtonExView.swift */,
				E20AF7BB2C5B845F001579B2 /* ResearchAndFilterExView.swift */,
				E20AF7B92C5B845F001579B2 /* ResearchBarExView.swift */,
				E20AF7BC2C5B845F001579B2 /* SegmentedButtonsExView.swift */,
				E20AF7B72C5B845F001579B2 /* TitleExView.swift */,
			);
			name = ExView;
			sourceTree = "<group>";
		};
		E20AF7742C5B837D001579B2 /* ModalView */ = {
			isa = PBXGroup;
			children = (
				E20AF7CE2C5B846A001579B2 /* FiltersAndSortViewModal.swift */,
			);
			name = ModalView;
			sourceTree = "<group>";
		};
		E20AF7752C5B8383001579B2 /* ViewController */ = {
			isa = PBXGroup;
			children = (
				E20AF7D02C5B847C001579B2 /* TestUIKitViewController.swift */,
			);
			name = ViewController;
			sourceTree = "<group>";
		};
		E20AF7762C5B838F001579B2 /* Models */ = {
			isa = PBXGroup;
			children = (
				E20AF7812C5B83DD001579B2 /* ColorButtonModel.swift */,
				E20AF7842C5B83DD001579B2 /* CommentModel.swift */,
				E20AF7832C5B83DD001579B2 /* DiseaseModel.swift */,
				E20AF7792C5B83DD001579B2 /* ExposureModel.swift */,
				E20AF7802C5B83DD001579B2 /* FertilizerModel.swift */,
				E20AF77B2C5B83DD001579B2 /* IdeaModel.swift */,
				E20AF77E2C5B83DD001579B2 /* IdeaQuestionModel.swift */,
				E20AF7852C5B83DD001579B2 /* IdeaSpaceModel.swift */,
				E20AF77C2C5B83DD001579B2 /* IdeaTipModel.swift */,
				E20AF7782C5B83DD001579B2 /* InteriorExteriorModel.swift */,
				E20AF77F2C5B83DD001579B2 /* MonthModel.swift */,
				E20AF7862C5B83DD001579B2 /* MySpaceModel.swift */,
				E20AF77D2C5B83DD001579B2 /* PlantationModel.swift */,
				E20AF7822C5B83DD001579B2 /* PlantContainerModel.swift */,
				E20AF77A2C5B83DD001579B2 /* PlantModel.swift */,
				E20AF7872C5B83DD001579B2 /* SoilModel.swift */,
				E20AF7882C5B83DD001579B2 /* UserModel.swift */,
			);
			path = Models;
			sourceTree = "<group>";
		};
		E20AF7772C5B8399001579B2 /* ViewModels */ = {
			isa = PBXGroup;
			children = (
				E20AF7A22C5B8418001579B2 /* CommentViewModel.swift */,
				E20AF79D2C5B8418001579B2 /* DiseaseViewModel.swift */,
				E20AF79A2C5B8418001579B2 /* FertilizerViewModel.swift */,
				E20AF79E2C5B8418001579B2 /* IdeaQuestionViewModel.swift */,
				E20AF7A32C5B8418001579B2 /* IdeaSpaceViewModel.swift */,
				E20AF7A42C5B8418001579B2 /* IdeaTipViewModel.swift */,
				E20AF79F2C5B8418001579B2 /* MySpaceViewModel.swift */,
				E20AF79C2C5B8418001579B2 /* PlantationViewModel.swift */,
				E20AF7A12C5B8418001579B2 /* PlantViewModel.swift */,
				E20AF7A02C5B8418001579B2 /* SoilViewModel.swift */,
				E20AF79B2C5B8418001579B2 /* UserViewModel.swift */,
			);
			path = ViewModels;
			sourceTree = "<group>";
		};
/* End PBXGroup section */

/* Begin PBXNativeTarget section */
		E20AF7602C5B8355001579B2 /* MainVerte_V002 */ = {
			isa = PBXNativeTarget;
			buildConfigurationList = E20AF76F2C5B8356001579B2 /* Build configuration list for PBXNativeTarget "MainVerte_V002" */;
			buildPhases = (
				E20AF75D2C5B8355001579B2 /* Sources */,
				E20AF75E2C5B8355001579B2 /* Frameworks */,
				E20AF75F2C5B8355001579B2 /* Resources */,
			);
			buildRules = (
			);
			dependencies = (
			);
			name = MainVerte_V002;
			productName = MainVerte_V002;
			productReference = E20AF7612C5B8355001579B2 /* MainVerte_V002.app */;
			productType = "com.apple.product-type.application";
		};
/* End PBXNativeTarget section */

/* Begin PBXProject section */
		E20AF7592C5B8355001579B2 /* Project object */ = {
			isa = PBXProject;
			attributes = {
				BuildIndependentTargetsInParallel = 1;
				LastSwiftUpdateCheck = 1540;
				LastUpgradeCheck = 1540;
				TargetAttributes = {
					E20AF7602C5B8355001579B2 = {
						CreatedOnToolsVersion = 15.4;
					};
				};
			};
			buildConfigurationList = E20AF75C2C5B8355001579B2 /* Build configuration list for PBXProject "MainVerte_V002" */;
			compatibilityVersion = "Xcode 14.0";
			developmentRegion = en;
			hasScannedForEncodings = 0;
			knownRegions = (
				en,
				Base,
			);
			mainGroup = E20AF7582C5B8355001579B2;
			productRefGroup = E20AF7622C5B8355001579B2 /* Products */;
			projectDirPath = "";
			projectRoot = "";
			targets = (
				E20AF7602C5B8355001579B2 /* MainVerte_V002 */,
			);
		};
/* End PBXProject section */

/* Begin PBXResourcesBuildPhase section */
		E20AF75F2C5B8355001579B2 /* Resources */ = {
			isa = PBXResourcesBuildPhase;
			buildActionMask = 2147483647;
			files = (
				E20AF76C2C5B8356001579B2 /* Preview Assets.xcassets in Resources */,
				E20AF7692C5B8356001579B2 /* Assets.xcassets in Resources */,
			);
			runOnlyForDeploymentPostprocessing = 0;
		};
/* End PBXResourcesBuildPhase section */

/* Begin PBXSourcesBuildPhase section */
		E20AF75D2C5B8355001579B2 /* Sources */ = {
			isa = PBXSourcesBuildPhase;
			buildActionMask = 2147483647;
			files = (
				E20AF7EF2C5B84A0001579B2 /* ListPlantAddPlantView.swift in Sources */,
				E20AF7CA2C5B845F001579B2 /* ResearchAndFilterExView.swift in Sources */,
				E20AF7982C5B83DD001579B2 /* SoilModel.swift in Sources */,
				E20AF7F42C5B84A0001579B2 /* CreateSpaceView.swift in Sources */,
				E20AF7D92C5B8491001579B2 /* IdeasView.swift in Sources */,
				E20AF7F02C5B84A0001579B2 /* IdeaSpacesView.swift in Sources */,
				E20AF7D62C5B8491001579B2 /* ContentView.swift in Sources */,
				E20AF8022C5B84A7001579B2 /* IdeaTipsView.swift in Sources */,
				E20AF7892C5B83DD001579B2 /* InteriorExteriorModel.swift in Sources */,
				E20AF78F2C5B83DD001579B2 /* IdeaQuestionModel.swift in Sources */,
				E20AF7A52C5B8418001579B2 /* FertilizerViewModel.swift in Sources */,
				E20AF7C02C5B845F001579B2 /* PlantationButtonExView.swift in Sources */,
				E20AF7C32C5B845F001579B2 /* MySpaceButtonExView.swift in Sources */,
				E20AF7F92C5B84A0001579B2 /* IdeaQuestionDetailsView.swift in Sources */,
				E20AF7AB2C5B8418001579B2 /* SoilViewModel.swift in Sources */,
				E20AF78A2C5B83DD001579B2 /* ExposureModel.swift in Sources */,
				E20AF7C42C5B845F001579B2 /* ColorButtonExView.swift in Sources */,
				E20AF7F52C5B84A0001579B2 /* MySpacePlantDetailsView.swift in Sources */,
				E20AF7F22C5B84A0001579B2 /* MySpacesView.swift in Sources */,
				E20AF7942C5B83DD001579B2 /* DiseaseModel.swift in Sources */,
				E20AF7D12C5B847C001579B2 /* TestUIKitViewController.swift in Sources */,
				E20AF7FC2C5B84A0001579B2 /* ListPlantDetailsView.swift in Sources */,
				E20AF7932C5B83DD001579B2 /* PlantContainerModel.swift in Sources */,
				E20AF7C12C5B845F001579B2 /* ActionButtonExView.swift in Sources */,
				E20AF7FB2C5B84A0001579B2 /* IdeaSpaceDetailsView.swift in Sources */,
				E20AF7F32C5B84A0001579B2 /* IdeaTipDetailsView.swift in Sources */,
				E20AF7C22C5B845F001579B2 /* ComposedImagesExView.swift in Sources */,
				E20AF8032C5B84A7001579B2 /* FavoritesView.swift in Sources */,
				E20AF7A72C5B8418001579B2 /* PlantationViewModel.swift in Sources */,
				E20AF78E2C5B83DD001579B2 /* PlantationModel.swift in Sources */,
				E20AF7952C5B83DD001579B2 /* CommentModel.swift in Sources */,
				E20AF7DC2C5B8497001579B2 /* MySpacePlantsView.swift in Sources */,
				E20AF7C72C5B845F001579B2 /* FilterAndSortButtonExView.swift in Sources */,
				E20AF7F12C5B84A0001579B2 /* CreateIdeaSpaceView.swift in Sources */,
				E20AF7AD2C5B8418001579B2 /* CommentViewModel.swift in Sources */,
				E20AF7F62C5B84A0001579B2 /* IdeaQuestionsView.swift in Sources */,
				E20AF7D72C5B8491001579B2 /* FavoritesSpacesView.swift in Sources */,
				E20AF7C92C5B845F001579B2 /* ButtonAddExView.swift in Sources */,
				E20AF7A82C5B8418001579B2 /* DiseaseViewModel.swift in Sources */,
				E20AF7FA2C5B84A0001579B2 /* FavoritesPlantsView.swift in Sources */,
				E20AF7C82C5B845F001579B2 /* ResearchBarExView.swift in Sources */,
				E20AF7CD2C5B845F001579B2 /* FavoriteButtonExView.swift in Sources */,
				E20AF7AA2C5B8418001579B2 /* MySpaceViewModel.swift in Sources */,
				E20AF7C52C5B845F001579B2 /* AddPlantExView.swift in Sources */,
				E20AF7CC2C5B845F001579B2 /* LineSeparatorExView.swift in Sources */,
				E20AF7AE2C5B8418001579B2 /* IdeaSpaceViewModel.swift in Sources */,
				E20AF78B2C5B83DD001579B2 /* PlantModel.swift in Sources */,
				E20AF7972C5B83DD001579B2 /* MySpaceModel.swift in Sources */,
				E20AF78C2C5B83DD001579B2 /* IdeaModel.swift in Sources */,
				E20AF8042C5B84A7001579B2 /* ProfilView.swift in Sources */,
				E20AF78D2C5B83DD001579B2 /* IdeaTipModel.swift in Sources */,
				E20AF7FD2C5B84A0001579B2 /* FavoritesTipsView.swift in Sources */,
				E20AF7D82C5B8491001579B2 /* MySpaceAddPlantView.swift in Sources */,
				E20AF7CB2C5B845F001579B2 /* SegmentedButtonsExView.swift in Sources */,
				E20AF7902C5B83DD001579B2 /* MonthModel.swift in Sources */,
				E20AF7922C5B83DD001579B2 /* ColorButtonModel.swift in Sources */,
				E20AF7F82C5B84A0001579B2 /* CreateIdeaQuestionView.swift in Sources */,
				E20AF8052C5B84A7001579B2 /* IdeasMyPublicatonsView.swift in Sources */,
				E20AF7C62C5B845F001579B2 /* TitleExView.swift in Sources */,
				E20AF7992C5B83DD001579B2 /* UserModel.swift in Sources */,
				E20AF7F72C5B84A0001579B2 /* CreateIdeaTipsView.swift in Sources */,
				E20AF7AF2C5B8418001579B2 /* IdeaTipViewModel.swift in Sources */,
				E20AF7912C5B83DD001579B2 /* FertilizerModel.swift in Sources */,
				E20AF7652C5B8355001579B2 /* MainVerte_V002App.swift in Sources */,
				E20AF7EE2C5B84A0001579B2 /* ListPlantsView.swift in Sources */,
				E20AF7CF2C5B846A001579B2 /* FiltersAndSortViewModal.swift in Sources */,
				E20AF7A92C5B8418001579B2 /* IdeaQuestionViewModel.swift in Sources */,
				E20AF7DD2C5B8497001579B2 /* FavoritesQuestionsView.swift in Sources */,
				E20AF7BF2C5B845F001579B2 /* BackgroundExView.swift in Sources */,
				E20AF7A62C5B8418001579B2 /* UserViewModel.swift in Sources */,
				E20AF7AC2C5B8418001579B2 /* PlantViewModel.swift in Sources */,
				E20AF7962C5B83DD001579B2 /* IdeaSpaceModel.swift in Sources */,
			);
			runOnlyForDeploymentPostprocessing = 0;
		};
/* End PBXSourcesBuildPhase section */

/* Begin XCBuildConfiguration section */
		E20AF76D2C5B8356001579B2 /* Debug */ = {
			isa = XCBuildConfiguration;
			buildSettings = {
				ALWAYS_SEARCH_USER_PATHS = NO;
				ASSETCATALOG_COMPILER_GENERATE_SWIFT_ASSET_SYMBOL_EXTENSIONS = YES;
				CLANG_ANALYZER_NONNULL = YES;
				CLANG_ANALYZER_NUMBER_OBJECT_CONVERSION = YES_AGGRESSIVE;
				CLANG_CXX_LANGUAGE_STANDARD = "gnu++20";
				CLANG_ENABLE_MODULES = YES;
				CLANG_ENABLE_OBJC_ARC = YES;
				CLANG_ENABLE_OBJC_WEAK = YES;
				CLANG_WARN_BLOCK_CAPTURE_AUTORELEASING = YES;
				CLANG_WARN_BOOL_CONVERSION = YES;
				CLANG_WARN_COMMA = YES;
				CLANG_WARN_CONSTANT_CONVERSION = YES;
				CLANG_WARN_DEPRECATED_OBJC_IMPLEMENTATIONS = YES;
				CLANG_WARN_DIRECT_OBJC_ISA_USAGE = YES_ERROR;
				CLANG_WARN_DOCUMENTATION_COMMENTS = YES;
				CLANG_WARN_EMPTY_BODY = YES;
				CLANG_WARN_ENUM_CONVERSION = YES;
				CLANG_WARN_INFINITE_RECURSION = YES;
				CLANG_WARN_INT_CONVERSION = YES;
				CLANG_WARN_NON_LITERAL_NULL_CONVERSION = YES;
				CLANG_WARN_OBJC_IMPLICIT_RETAIN_SELF = YES;
				CLANG_WARN_OBJC_LITERAL_CONVERSION = YES;
				CLANG_WARN_OBJC_ROOT_CLASS = YES_ERROR;
				CLANG_WARN_QUOTED_INCLUDE_IN_FRAMEWORK_HEADER = YES;
				CLANG_WARN_RANGE_LOOP_ANALYSIS = YES;
				CLANG_WARN_STRICT_PROTOTYPES = YES;
				CLANG_WARN_SUSPICIOUS_MOVE = YES;
				CLANG_WARN_UNGUARDED_AVAILABILITY = YES_AGGRESSIVE;
				CLANG_WARN_UNREACHABLE_CODE = YES;
				CLANG_WARN__DUPLICATE_METHOD_MATCH = YES;
				COPY_PHASE_STRIP = NO;
				DEBUG_INFORMATION_FORMAT = dwarf;
				ENABLE_STRICT_OBJC_MSGSEND = YES;
				ENABLE_TESTABILITY = YES;
				ENABLE_USER_SCRIPT_SANDBOXING = YES;
				GCC_C_LANGUAGE_STANDARD = gnu17;
				GCC_DYNAMIC_NO_PIC = NO;
				GCC_NO_COMMON_BLOCKS = YES;
				GCC_OPTIMIZATION_LEVEL = 0;
				GCC_PREPROCESSOR_DEFINITIONS = (
					"DEBUG=1",
					"$(inherited)",
				);
				GCC_WARN_64_TO_32_BIT_CONVERSION = YES;
				GCC_WARN_ABOUT_RETURN_TYPE = YES_ERROR;
				GCC_WARN_UNDECLARED_SELECTOR = YES;
				GCC_WARN_UNINITIALIZED_AUTOS = YES_AGGRESSIVE;
				GCC_WARN_UNUSED_FUNCTION = YES;
				GCC_WARN_UNUSED_VARIABLE = YES;
				IPHONEOS_DEPLOYMENT_TARGET = 17.5;
				LOCALIZATION_PREFERS_STRING_CATALOGS = YES;
				MTL_ENABLE_DEBUG_INFO = INCLUDE_SOURCE;
				MTL_FAST_MATH = YES;
				ONLY_ACTIVE_ARCH = YES;
				SDKROOT = iphoneos;
				SWIFT_ACTIVE_COMPILATION_CONDITIONS = "DEBUG $(inherited)";
				SWIFT_OPTIMIZATION_LEVEL = "-Onone";
			};
			name = Debug;
		};
		E20AF76E2C5B8356001579B2 /* Release */ = {
			isa = XCBuildConfiguration;
			buildSettings = {
				ALWAYS_SEARCH_USER_PATHS = NO;
				ASSETCATALOG_COMPILER_GENERATE_SWIFT_ASSET_SYMBOL_EXTENSIONS = YES;
				CLANG_ANALYZER_NONNULL = YES;
				CLANG_ANALYZER_NUMBER_OBJECT_CONVERSION = YES_AGGRESSIVE;
				CLANG_CXX_LANGUAGE_STANDARD = "gnu++20";
				CLANG_ENABLE_MODULES = YES;
				CLANG_ENABLE_OBJC_ARC = YES;
				CLANG_ENABLE_OBJC_WEAK = YES;
				CLANG_WARN_BLOCK_CAPTURE_AUTORELEASING = YES;
				CLANG_WARN_BOOL_CONVERSION = YES;
				CLANG_WARN_COMMA = YES;
				CLANG_WARN_CONSTANT_CONVERSION = YES;
				CLANG_WARN_DEPRECATED_OBJC_IMPLEMENTATIONS = YES;
				CLANG_WARN_DIRECT_OBJC_ISA_USAGE = YES_ERROR;
				CLANG_WARN_DOCUMENTATION_COMMENTS = YES;
				CLANG_WARN_EMPTY_BODY = YES;
				CLANG_WARN_ENUM_CONVERSION = YES;
				CLANG_WARN_INFINITE_RECURSION = YES;
				CLANG_WARN_INT_CONVERSION = YES;
				CLANG_WARN_NON_LITERAL_NULL_CONVERSION = YES;
				CLANG_WARN_OBJC_IMPLICIT_RETAIN_SELF = YES;
				CLANG_WARN_OBJC_LITERAL_CONVERSION = YES;
				CLANG_WARN_OBJC_ROOT_CLASS = YES_ERROR;
				CLANG_WARN_QUOTED_INCLUDE_IN_FRAMEWORK_HEADER = YES;
				CLANG_WARN_RANGE_LOOP_ANALYSIS = YES;
				CLANG_WARN_STRICT_PROTOTYPES = YES;
				CLANG_WARN_SUSPICIOUS_MOVE = YES;
				CLANG_WARN_UNGUARDED_AVAILABILITY = YES_AGGRESSIVE;
				CLANG_WARN_UNREACHABLE_CODE = YES;
				CLANG_WARN__DUPLICATE_METHOD_MATCH = YES;
				COPY_PHASE_STRIP = NO;
				DEBUG_INFORMATION_FORMAT = "dwarf-with-dsym";
				ENABLE_NS_ASSERTIONS = NO;
				ENABLE_STRICT_OBJC_MSGSEND = YES;
				ENABLE_USER_SCRIPT_SANDBOXING = YES;
				GCC_C_LANGUAGE_STANDARD = gnu17;
				GCC_NO_COMMON_BLOCKS = YES;
				GCC_WARN_64_TO_32_BIT_CONVERSION = YES;
				GCC_WARN_ABOUT_RETURN_TYPE = YES_ERROR;
				GCC_WARN_UNDECLARED_SELECTOR = YES;
				GCC_WARN_UNINITIALIZED_AUTOS = YES_AGGRESSIVE;
				GCC_WARN_UNUSED_FUNCTION = YES;
				GCC_WARN_UNUSED_VARIABLE = YES;
				IPHONEOS_DEPLOYMENT_TARGET = 17.5;
				LOCALIZATION_PREFERS_STRING_CATALOGS = YES;
				MTL_ENABLE_DEBUG_INFO = NO;
				MTL_FAST_MATH = YES;
				SDKROOT = iphoneos;
				SWIFT_COMPILATION_MODE = wholemodule;
				VALIDATE_PRODUCT = YES;
			};
			name = Release;
		};
		E20AF7702C5B8356001579B2 /* Debug */ = {
			isa = XCBuildConfiguration;
			buildSettings = {
				ASSETCATALOG_COMPILER_APPICON_NAME = AppIcon;
				ASSETCATALOG_COMPILER_GLOBAL_ACCENT_COLOR_NAME = AccentColor;
				CODE_SIGN_STYLE = Automatic;
				CURRENT_PROJECT_VERSION = 1;
				DEVELOPMENT_ASSET_PATHS = "\"MainVerte_V002/Preview Content\"";
				DEVELOPMENT_TEAM = UMN55WUG4L;
				ENABLE_PREVIEWS = YES;
				GENERATE_INFOPLIST_FILE = YES;
				INFOPLIST_KEY_UIApplicationSceneManifest_Generation = YES;
				INFOPLIST_KEY_UIApplicationSupportsIndirectInputEvents = YES;
				INFOPLIST_KEY_UILaunchScreen_Generation = YES;
				INFOPLIST_KEY_UISupportedInterfaceOrientations_iPad = "UIInterfaceOrientationPortrait UIInterfaceOrientationPortraitUpsideDown UIInterfaceOrientationLandscapeLeft UIInterfaceOrientationLandscapeRight";
				INFOPLIST_KEY_UISupportedInterfaceOrientations_iPhone = "UIInterfaceOrientationPortrait UIInterfaceOrientationLandscapeLeft UIInterfaceOrientationLandscapeRight";
				LD_RUNPATH_SEARCH_PATHS = (
					"$(inherited)",
					"@executable_path/Frameworks",
				);
				MARKETING_VERSION = 1.0;
				PRODUCT_BUNDLE_IDENTIFIER = "MourfCorp.MainVerte-V002";
				PRODUCT_NAME = "$(TARGET_NAME)";
				SWIFT_EMIT_LOC_STRINGS = YES;
				SWIFT_VERSION = 5.0;
				TARGETED_DEVICE_FAMILY = "1,2";
			};
			name = Debug;
		};
		E20AF7712C5B8356001579B2 /* Release */ = {
			isa = XCBuildConfiguration;
			buildSettings = {
				ASSETCATALOG_COMPILER_APPICON_NAME = AppIcon;
				ASSETCATALOG_COMPILER_GLOBAL_ACCENT_COLOR_NAME = AccentColor;
				CODE_SIGN_STYLE = Automatic;
				CURRENT_PROJECT_VERSION = 1;
				DEVELOPMENT_ASSET_PATHS = "\"MainVerte_V002/Preview Content\"";
				DEVELOPMENT_TEAM = UMN55WUG4L;
				ENABLE_PREVIEWS = YES;
				GENERATE_INFOPLIST_FILE = YES;
				INFOPLIST_KEY_UIApplicationSceneManifest_Generation = YES;
				INFOPLIST_KEY_UIApplicationSupportsIndirectInputEvents = YES;
				INFOPLIST_KEY_UILaunchScreen_Generation = YES;
				INFOPLIST_KEY_UISupportedInterfaceOrientations_iPad = "UIInterfaceOrientationPortrait UIInterfaceOrientationPortraitUpsideDown UIInterfaceOrientationLandscapeLeft UIInterfaceOrientationLandscapeRight";
				INFOPLIST_KEY_UISupportedInterfaceOrientations_iPhone = "UIInterfaceOrientationPortrait UIInterfaceOrientationLandscapeLeft UIInterfaceOrientationLandscapeRight";
				LD_RUNPATH_SEARCH_PATHS = (
					"$(inherited)",
					"@executable_path/Frameworks",
				);
				MARKETING_VERSION = 1.0;
				PRODUCT_BUNDLE_IDENTIFIER = "MourfCorp.MainVerte-V002";
				PRODUCT_NAME = "$(TARGET_NAME)";
				SWIFT_EMIT_LOC_STRINGS = YES;
				SWIFT_VERSION = 5.0;
				TARGETED_DEVICE_FAMILY = "1,2";
			};
			name = Release;
		};
/* End XCBuildConfiguration section */

/* Begin XCConfigurationList section */
		E20AF75C2C5B8355001579B2 /* Build configuration list for PBXProject "MainVerte_V002" */ = {
			isa = XCConfigurationList;
			buildConfigurations = (
				E20AF76D2C5B8356001579B2 /* Debug */,
				E20AF76E2C5B8356001579B2 /* Release */,
			);
			defaultConfigurationIsVisible = 0;
			defaultConfigurationName = Release;
		};
		E20AF76F2C5B8356001579B2 /* Build configuration list for PBXNativeTarget "MainVerte_V002" */ = {
			isa = XCConfigurationList;
			buildConfigurations = (
				E20AF7702C5B8356001579B2 /* Debug */,
				E20AF7712C5B8356001579B2 /* Release */,
			);
			defaultConfigurationIsVisible = 0;
			defaultConfigurationName = Release;
		};
/* End XCConfigurationList section */
	};
	rootObject = E20AF7592C5B8355001579B2 /* Project object */;
}
